
Microsoft Visual Studio Solution File, Format Version 12.00
# Visual Studio Version 17
VisualStudioVersion = 17.11.35222.181
MinimumVisualStudioVersion = 10.0.40219.1
Project("{FAE04EC0-301F-11D3-BF4B-00C04F79EFBC}") = "BookWebApplicationAuth", "BookWebApplicationAuth\BookWebApplicationAuth.csproj", "{5C4959BD-F98A-4882-B976-CBB712751751}"
EndProject
Global
	GlobalSection(SolutionConfigurationPlatforms) = preSolution
		Debug|Any CPU = Debug|Any CPU
		Release|Any CPU = Release|Any CPU
	EndGlobalSection
	GlobalSection(ProjectConfigurationPlatforms) = postSolution
		{5C4959BD-F98A-4882-B976-CBB712751751}.Debug|Any CPU.ActiveCfg = Debug|Any CPU
		{5C4959BD-F98A-4882-B976-CBB712751751}.Debug|Any CPU.Build.0 = Debug|Any CPU
		{5C4959BD-F98A-4882-B976-CBB712751751}.Release|Any CPU.ActiveCfg = Release|Any CPU
		{5C4959BD-F98A-4882-B976-CBB712751751}.Release|Any CPU.Build.0 = Release|Any CPU
	EndGlobalSection
	GlobalSection(SolutionProperties) = preSolution
		HideSolutionNode = FALSE
	EndGlobalSection
	GlobalSection(ExtensibilityGlobals) = postSolution
		SolutionGuid = {4BCD1E2C-BF10-4C15-A7EF-BCB73DE9BF43}
	EndGlobalSection
EndGlobal
